
Microsoft Visual Studio Solution File, Format Version 12.00
# Visual Studio Version 17
VisualStudioVersion = 17.11.35327.3
MinimumVisualStudioVersion = 10.0.40219.1
Project("{FAE04EC0-301F-11D3-BF4B-00C04F79EFBC}") = "ArielZaibert4052", "ArielZaibert4052\ArielZaibert4052.csproj", "{6B57CD63-3906-4526-ABEE-A934C0AF1242}"
EndProject
Global
	GlobalSection(SolutionConfigurationPlatforms) = preSolution
		Debug|Any CPU = Debug|Any CPU
		Release|Any CPU = Release|Any CPU
	EndGlobalSection
	GlobalSection(ProjectConfigurationPlatforms) = postSolution
		{6B57CD63-3906-4526-ABEE-A934C0AF1242}.Debug|Any CPU.ActiveCfg = Debug|Any CPU
		{6B57CD63-3906-4526-ABEE-A934C0AF1242}.Debug|Any CPU.Build.0 = Debug|Any CPU
		{6B57CD63-3906-4526-ABEE-A934C0AF1242}.Release|Any CPU.ActiveCfg = Release|Any CPU
		{6B57CD63-3906-4526-ABEE-A934C0AF1242}.Release|Any CPU.Build.0 = Release|Any CPU
	EndGlobalSection
	GlobalSection(SolutionProperties) = preSolution
		HideSolutionNode = FALSE
	EndGlobalSection
	GlobalSection(ExtensibilityGlobals) = postSolution
		SolutionGuid = {FE71EB78-0D78-4F10-B185-EFE18C8194B9}
	EndGlobalSection
EndGlobal
