
Microsoft Visual Studio Solution File, Format Version 12.00
# Visual Studio Version 17
VisualStudioVersion = 17.11.35327.3
MinimumVisualStudioVersion = 10.0.40219.1
Project("{FAE04EC0-301F-11D3-BF4B-00C04F79EFBC}") = "ArielZaibert1", "..\..\repos\private-lessons\ArielZaibert1\ArielZaibert1\ArielZaibert1.csproj", "{31B6B1C8-FDBF-4DC6-BA54-074FBB51B1F3}"
EndProject
Global
	GlobalSection(SolutionConfigurationPlatforms) = preSolution
		Debug|Any CPU = Debug|Any CPU
		Release|Any CPU = Release|Any CPU
	EndGlobalSection
	GlobalSection(ProjectConfigurationPlatforms) = postSolution
		{31B6B1C8-FDBF-4DC6-BA54-074FBB51B1F3}.Debug|Any CPU.ActiveCfg = Debug|Any CPU
		{31B6B1C8-FDBF-4DC6-BA54-074FBB51B1F3}.Debug|Any CPU.Build.0 = Debug|Any CPU
		{31B6B1C8-FDBF-4DC6-BA54-074FBB51B1F3}.Release|Any CPU.ActiveCfg = Release|Any CPU
		{31B6B1C8-FDBF-4DC6-BA54-074FBB51B1F3}.Release|Any CPU.Build.0 = Release|Any CPU
	EndGlobalSection
	GlobalSection(SolutionProperties) = preSolution
		HideSolutionNode = FALSE
	EndGlobalSection
	GlobalSection(ExtensibilityGlobals) = postSolution
		SolutionGuid = {FFD5C7DB-3F8D-4F40-BBD1-CED711C5B14B}
	EndGlobalSection
EndGlobal
