
Microsoft Visual Studio Solution File, Format Version 12.00
# Visual Studio Version 17
VisualStudioVersion = 17.11.35327.3
MinimumVisualStudioVersion = 10.0.40219.1
Project("{FAE04EC0-301F-11D3-BF4B-00C04F79EFBC}") = "ConsoleApp1", "..\..\private-lessons\RS\ConsoleApp1\ConsoleApp1\ConsoleApp1.csproj", "{6FE97C14-F92B-468E-BB89-C408C64E0E9C}"
EndProject
Global
	GlobalSection(SolutionConfigurationPlatforms) = preSolution
		Debug|Any CPU = Debug|Any CPU
		Release|Any CPU = Release|Any CPU
	EndGlobalSection
	GlobalSection(ProjectConfigurationPlatforms) = postSolution
		{6FE97C14-F92B-468E-BB89-C408C64E0E9C}.Debug|Any CPU.ActiveCfg = Debug|Any CPU
		{6FE97C14-F92B-468E-BB89-C408C64E0E9C}.Debug|Any CPU.Build.0 = Debug|Any CPU
		{6FE97C14-F92B-468E-BB89-C408C64E0E9C}.Release|Any CPU.ActiveCfg = Release|Any CPU
		{6FE97C14-F92B-468E-BB89-C408C64E0E9C}.Release|Any CPU.Build.0 = Release|Any CPU
	EndGlobalSection
	GlobalSection(SolutionProperties) = preSolution
		HideSolutionNode = FALSE
	EndGlobalSection
	GlobalSection(ExtensibilityGlobals) = postSolution
		SolutionGuid = {F7DB3ED6-8788-4CAC-9920-D70D7197AB14}
	EndGlobalSection
EndGlobal
