
Microsoft Visual Studio Solution File, Format Version 12.00
# Visual Studio Version 17
VisualStudioVersion = 17.11.35327.3
MinimumVisualStudioVersion = 10.0.40219.1
Project("{FAE04EC0-301F-11D3-BF4B-00C04F79EFBC}") = "ArielZaibert4045", "ArielZaibert4045\ArielZaibert4045.csproj", "{FB488FC4-302C-407A-BCB1-265C88337190}"
EndProject
Global
	GlobalSection(SolutionConfigurationPlatforms) = preSolution
		Debug|Any CPU = Debug|Any CPU
		Release|Any CPU = Release|Any CPU
	EndGlobalSection
	GlobalSection(ProjectConfigurationPlatforms) = postSolution
		{FB488FC4-302C-407A-BCB1-265C88337190}.Debug|Any CPU.ActiveCfg = Debug|Any CPU
		{FB488FC4-302C-407A-BCB1-265C88337190}.Debug|Any CPU.Build.0 = Debug|Any CPU
		{FB488FC4-302C-407A-BCB1-265C88337190}.Release|Any CPU.ActiveCfg = Release|Any CPU
		{FB488FC4-302C-407A-BCB1-265C88337190}.Release|Any CPU.Build.0 = Release|Any CPU
	EndGlobalSection
	GlobalSection(SolutionProperties) = preSolution
		HideSolutionNode = FALSE
	EndGlobalSection
	GlobalSection(ExtensibilityGlobals) = postSolution
		SolutionGuid = {14E9A65F-5D63-426E-89B9-24789186C1C8}
	EndGlobalSection
EndGlobal
